{
    "name": "module",
    "version": "0.0.1",
    "lockfileVersion": 3,
    "requires": true,
    "packages": {
        "": {
            "name": "module",
            "version": "0.0.1",
            "dependencies": {
                "somemodule": "file:../module"
            }
        },
        "../module": {
            "name": "somemodule",
            "version": "0.0.1"
        },
        "node_modules/somemodule": {
            "resolved": "../module",
            "link": true
        }
    }
}
